// !$*UTF8*$!
{
	archiveVersion = 1;
	classes = {
	};
	objectVersion = 48;
	objects = {

/* Begin PBXBuildFile section */
		E2BCB4681FA43BB80070FF5F /* HypnosisWebViewController.swift in Sources */ = {isa = PBXBuildFile; fileRef = E2BCB4671FA43BB80070FF5F /* HypnosisWebViewController.swift */; };
		E2BCB46A1FA43E8A0070FF5F /* YoutubeWebViewController.swift in Sources */ = {isa = PBXBuildFile; fileRef = E2BCB4691FA43E8A0070FF5F /* YoutubeWebViewController.swift */; };
		E2BFEE921FA010CC00313F81 /* GradientView.swift in Sources */ = {isa = PBXBuildFile; fileRef = E2BFEE911FA010CC00313F81 /* GradientView.swift */; };
		E2BFEE961FA0208400313F81 /* SelectorViewController.swift in Sources */ = {isa = PBXBuildFile; fileRef = E2BFEE951FA0208400313F81 /* SelectorViewController.swift */; };
		E2BFEEB61FA1921500313F81 /* PaulBakerViewController.swift in Sources */ = {isa = PBXBuildFile; fileRef = E2BFEEB51FA1921500313F81 /* PaulBakerViewController.swift */; };
		E2BFEEB81FA1931300313F81 /* SueWardViewController.swift in Sources */ = {isa = PBXBuildFile; fileRef = E2BFEEB71FA1931300313F81 /* SueWardViewController.swift */; };
		E2BFEEBA1FA1938300313F81 /* MikeLinletyViewController.swift in Sources */ = {isa = PBXBuildFile; fileRef = E2BFEEB91FA1938300313F81 /* MikeLinletyViewController.swift */; };
		E2BFEEBC1FA193D500313F81 /* DaliaDanielViewController.swift in Sources */ = {isa = PBXBuildFile; fileRef = E2BFEEBB1FA193D500313F81 /* DaliaDanielViewController.swift */; };
		E2BFEEBE1FA1945D00313F81 /* BellaViewController.swift in Sources */ = {isa = PBXBuildFile; fileRef = E2BFEEBD1FA1945C00313F81 /* BellaViewController.swift */; };
		E2C0F6EE1FA2C0AF00FBAA7F /* RewardsViewController.swift in Sources */ = {isa = PBXBuildFile; fileRef = E2C0F6ED1FA2C0AF00FBAA7F /* RewardsViewController.swift */; };
		E2DCC02D1F931A1200952CA4 /* AppDelegate.swift in Sources */ = {isa = PBXBuildFile; fileRef = E2DCC02C1F931A1200952CA4 /* AppDelegate.swift */; };
		E2DCC02F1F931A1200952CA4 /* ViewController.swift in Sources */ = {isa = PBXBuildFile; fileRef = E2DCC02E1F931A1200952CA4 /* ViewController.swift */; };
		E2DCC0321F931A1200952CA4 /* Main.storyboard in Resources */ = {isa = PBXBuildFile; fileRef = E2DCC0301F931A1200952CA4 /* Main.storyboard */; };
		E2DCC0341F931A1200952CA4 /* Assets.xcassets in Resources */ = {isa = PBXBuildFile; fileRef = E2DCC0331F931A1200952CA4 /* Assets.xcassets */; };
		E2DCC0371F931A1200952CA4 /* LaunchScreen.storyboard in Resources */ = {isa = PBXBuildFile; fileRef = E2DCC0351F931A1200952CA4 /* LaunchScreen.storyboard */; };
		E2DCC0411F931AA500952CA4 /* rayLines3.png in Resources */ = {isa = PBXBuildFile; fileRef = E2DCC0401F931AA100952CA4 /* rayLines3.png */; };
		E2DCC0431F931F6800952CA4 /* rayLines5.png in Resources */ = {isa = PBXBuildFile; fileRef = E2DCC0421F931F6200952CA4 /* rayLines5.png */; };
		E2DCC0DD1F944CE600952CA4 /* Stop_Smoking_Now.mp3 in Resources */ = {isa = PBXBuildFile; fileRef = E2DCC0DC1F944CE000952CA4 /* Stop_Smoking_Now.mp3 */; };
		E2DCC0DF1F944CFA00952CA4 /* Player.swift in Sources */ = {isa = PBXBuildFile; fileRef = E2DCC0DE1F944CFA00952CA4 /* Player.swift */; };
/* End PBXBuildFile section */

/* Begin PBXFileReference section */
		E2BCB4671FA43BB80070FF5F /* HypnosisWebViewController.swift */ = {isa = PBXFileReference; lastKnownFileType = sourcecode.swift; path = HypnosisWebViewController.swift; sourceTree = "<group>"; };
		E2BCB4691FA43E8A0070FF5F /* YoutubeWebViewController.swift */ = {isa = PBXFileReference; lastKnownFileType = sourcecode.swift; path = YoutubeWebViewController.swift; sourceTree = "<group>"; };
		E2BFEE911FA010CC00313F81 /* GradientView.swift */ = {isa = PBXFileReference; lastKnownFileType = sourcecode.swift; path = GradientView.swift; sourceTree = "<group>"; };
		E2BFEE951FA0208400313F81 /* SelectorViewController.swift */ = {isa = PBXFileReference; lastKnownFileType = sourcecode.swift; path = SelectorViewController.swift; sourceTree = "<group>"; };
		E2BFEEB51FA1921500313F81 /* PaulBakerViewController.swift */ = {isa = PBXFileReference; lastKnownFileType = sourcecode.swift; path = PaulBakerViewController.swift; sourceTree = "<group>"; };
		E2BFEEB71FA1931300313F81 /* SueWardViewController.swift */ = {isa = PBXFileReference; lastKnownFileType = sourcecode.swift; path = SueWardViewController.swift; sourceTree = "<group>"; };
		E2BFEEB91FA1938300313F81 /* MikeLinletyViewController.swift */ = {isa = PBXFileReference; lastKnownFileType = sourcecode.swift; path = MikeLinletyViewController.swift; sourceTree = "<group>"; };
		E2BFEEBB1FA193D500313F81 /* DaliaDanielViewController.swift */ = {isa = PBXFileReference; lastKnownFileType = sourcecode.swift; path = DaliaDanielViewController.swift; sourceTree = "<group>"; };
		E2BFEEBD1FA1945C00313F81 /* BellaViewController.swift */ = {isa = PBXFileReference; lastKnownFileType = sourcecode.swift; path = BellaViewController.swift; sourceTree = "<group>"; };
		E2C0F6ED1FA2C0AF00FBAA7F /* RewardsViewController.swift */ = {isa = PBXFileReference; lastKnownFileType = sourcecode.swift; path = RewardsViewController.swift; sourceTree = "<group>"; };
		E2DCC0291F931A1200952CA4 /* Quit Smoking.app */ = {isa = PBXFileReference; explicitFileType = wrapper.application; includeInIndex = 0; path = "Quit Smoking.app"; sourceTree = BUILT_PRODUCTS_DIR; };
		E2DCC02C1F931A1200952CA4 /* AppDelegate.swift */ = {isa = PBXFileReference; lastKnownFileType = sourcecode.swift; path = AppDelegate.swift; sourceTree = "<group>"; };
		E2DCC02E1F931A1200952CA4 /* ViewController.swift */ = {isa = PBXFileReference; lastKnownFileType = sourcecode.swift; path = ViewController.swift; sourceTree = "<group>"; };
		E2DCC0311F931A1200952CA4 /* Base */ = {isa = PBXFileReference; lastKnownFileType = file.storyboard; name = Base; path = Base.lproj/Main.storyboard; sourceTree = "<group>"; };
		E2DCC0331F931A1200952CA4 /* Assets.xcassets */ = {isa = PBXFileReference; lastKnownFileType = folder.assetcatalog; path = Assets.xcassets; sourceTree = "<group>"; };
		E2DCC0361F931A1200952CA4 /* Base */ = {isa = PBXFileReference; lastKnownFileType = file.storyboard; name = Base; path = Base.lproj/LaunchScreen.storyboard; sourceTree = "<group>"; };
		E2DCC0381F931A1200952CA4 /* Info.plist */ = {isa = PBXFileReference; lastKnownFileType = text.plist.xml; path = Info.plist; sourceTree = "<group>"; };
		E2DCC0401F931AA100952CA4 /* rayLines3.png */ = {isa = PBXFileReference; lastKnownFileType = image.png; path = rayLines3.png; sourceTree = "<group>"; };
		E2DCC0421F931F6200952CA4 /* rayLines5.png */ = {isa = PBXFileReference; lastKnownFileType = image.png; path = rayLines5.png; sourceTree = "<group>"; };
		E2DCC0DC1F944CE000952CA4 /* Stop_Smoking_Now.mp3 */ = {isa = PBXFileReference; lastKnownFileType = audio.mp3; path = Stop_Smoking_Now.mp3; sourceTree = "<group>"; };
		E2DCC0DE1F944CFA00952CA4 /* Player.swift */ = {isa = PBXFileReference; lastKnownFileType = sourcecode.swift; path = Player.swift; sourceTree = "<group>"; };
/* End PBXFileReference section */

/* Begin PBXFrameworksBuildPhase section */
		E2DCC0261F931A1200952CA4 /* Frameworks */ = {
			isa = PBXFrameworksBuildPhase;
			buildActionMask = 2147483647;
			files = (
			);
			runOnlyForDeploymentPostprocessing = 0;
		};
/* End PBXFrameworksBuildPhase section */

/* Begin PBXGroup section */
		E2DCC0201F931A1200952CA4 = {
			isa = PBXGroup;
			children = (
				E2DCC02B1F931A1200952CA4 /* Quit Smoking */,
				E2DCC02A1F931A1200952CA4 /* Products */,
			);
			sourceTree = "<group>";
		};
		E2DCC02A1F931A1200952CA4 /* Products */ = {
			isa = PBXGroup;
			children = (
				E2DCC0291F931A1200952CA4 /* Quit Smoking.app */,
			);
			name = Products;
			sourceTree = "<group>";
		};
		E2DCC02B1F931A1200952CA4 /* Quit Smoking */ = {
			isa = PBXGroup;
			children = (
				E2DCC02C1F931A1200952CA4 /* AppDelegate.swift */,
				E2BFEE951FA0208400313F81 /* SelectorViewController.swift */,
				E2DCC02E1F931A1200952CA4 /* ViewController.swift */,
				E2DCC0401F931AA100952CA4 /* rayLines3.png */,
				E2DCC0DC1F944CE000952CA4 /* Stop_Smoking_Now.mp3 */,
				E2DCC0DE1F944CFA00952CA4 /* Player.swift */,
				E2DCC0421F931F6200952CA4 /* rayLines5.png */,
				E2DCC0301F931A1200952CA4 /* Main.storyboard */,
				E2BCB4691FA43E8A0070FF5F /* YoutubeWebViewController.swift */,
				E2BCB4671FA43BB80070FF5F /* HypnosisWebViewController.swift */,
				E2C0F6ED1FA2C0AF00FBAA7F /* RewardsViewController.swift */,
				E2BFEEBD1FA1945C00313F81 /* BellaViewController.swift */,
				E2BFEEBB1FA193D500313F81 /* DaliaDanielViewController.swift */,
				E2BFEEB91FA1938300313F81 /* MikeLinletyViewController.swift */,
				E2BFEEB71FA1931300313F81 /* SueWardViewController.swift */,
				E2BFEEB51FA1921500313F81 /* PaulBakerViewController.swift */,
				E2BFEE911FA010CC00313F81 /* GradientView.swift */,
				E2DCC0331F931A1200952CA4 /* Assets.xcassets */,
				E2DCC0351F931A1200952CA4 /* LaunchScreen.storyboard */,
				E2DCC0381F931A1200952CA4 /* Info.plist */,
			);
			path = "Quit Smoking";
			sourceTree = "<group>";
		};
/* End PBXGroup section */

/* Begin PBXNativeTarget section */
		E2DCC0281F931A1200952CA4 /* Quit Smoking */ = {
			isa = PBXNativeTarget;
			buildConfigurationList = E2DCC03B1F931A1200952CA4 /* Build configuration list for PBXNativeTarget "Quit Smoking" */;
			buildPhases = (
				E2DCC0251F931A1200952CA4 /* Sources */,
				E2DCC0261F931A1200952CA4 /* Frameworks */,
				E2DCC0271F931A1200952CA4 /* Resources */,
			);
			buildRules = (
			);
			dependencies = (
			);
			name = "Quit Smoking";
			productName = "Quit Smoking";
			productReference = E2DCC0291F931A1200952CA4 /* Quit Smoking.app */;
			productType = "com.apple.product-type.application";
		};
/* End PBXNativeTarget section */

/* Begin PBXProject section */
		E2DCC0211F931A1200952CA4 /* Project object */ = {
			isa = PBXProject;
			attributes = {
				LastSwiftUpdateCheck = 0900;
				LastUpgradeCheck = 0900;
				ORGANIZATIONNAME = "Warren Dixon";
				TargetAttributes = {
					E2DCC0281F931A1200952CA4 = {
						CreatedOnToolsVersion = 9.0;
						ProvisioningStyle = Automatic;
					};
				};
			};
			buildConfigurationList = E2DCC0241F931A1200952CA4 /* Build configuration list for PBXProject "Quit Smoking" */;
			compatibilityVersion = "Xcode 8.0";
			developmentRegion = en;
			hasScannedForEncodings = 0;
			knownRegions = (
				en,
				Base,
			);
			mainGroup = E2DCC0201F931A1200952CA4;
			productRefGroup = E2DCC02A1F931A1200952CA4 /* Products */;
			projectDirPath = "";
			projectRoot = "";
			targets = (
				E2DCC0281F931A1200952CA4 /* Quit Smoking */,
			);
		};
/* End PBXProject section */

/* Begin PBXResourcesBuildPhase section */
		E2DCC0271F931A1200952CA4 /* Resources */ = {
			isa = PBXResourcesBuildPhase;
			buildActionMask = 2147483647;
			files = (
				E2DCC0371F931A1200952CA4 /* LaunchScreen.storyboard in Resources */,
				E2DCC0341F931A1200952CA4 /* Assets.xcassets in Resources */,
				E2DCC0411F931AA500952CA4 /* rayLines3.png in Resources */,
				E2DCC0321F931A1200952CA4 /* Main.storyboard in Resources */,
				E2DCC0DD1F944CE600952CA4 /* Stop_Smoking_Now.mp3 in Resources */,
				E2DCC0431F931F6800952CA4 /* rayLines5.png in Resources */,
			);
			runOnlyForDeploymentPostprocessing = 0;
		};
/* End PBXResourcesBuildPhase section */

/* Begin PBXSourcesBuildPhase section */
		E2DCC0251F931A1200952CA4 /* Sources */ = {
			isa = PBXSourcesBuildPhase;
			buildActionMask = 2147483647;
			files = (
				E2BFEEBA1FA1938300313F81 /* MikeLinletyViewController.swift in Sources */,
				E2DCC02F1F931A1200952CA4 /* ViewController.swift in Sources */,
				E2DCC0DF1F944CFA00952CA4 /* Player.swift in Sources */,
				E2BFEEB61FA1921500313F81 /* PaulBakerViewController.swift in Sources */,
				E2BCB4681FA43BB80070FF5F /* HypnosisWebViewController.swift in Sources */,
				E2BFEE921FA010CC00313F81 /* GradientView.swift in Sources */,
				E2DCC02D1F931A1200952CA4 /* AppDelegate.swift in Sources */,
				E2BCB46A1FA43E8A0070FF5F /* YoutubeWebViewController.swift in Sources */,
				E2BFEE961FA0208400313F81 /* SelectorViewController.swift in Sources */,
				E2BFEEBC1FA193D500313F81 /* DaliaDanielViewController.swift in Sources */,
				E2BFEEB81FA1931300313F81 /* SueWardViewController.swift in Sources */,
				E2C0F6EE1FA2C0AF00FBAA7F /* RewardsViewController.swift in Sources */,
				E2BFEEBE1FA1945D00313F81 /* BellaViewController.swift in Sources */,
			);
			runOnlyForDeploymentPostprocessing = 0;
		};
/* End PBXSourcesBuildPhase section */

/* Begin PBXVariantGroup section */
		E2DCC0301F931A1200952CA4 /* Main.storyboard */ = {
			isa = PBXVariantGroup;
			children = (
				E2DCC0311F931A1200952CA4 /* Base */,
			);
			name = Main.storyboard;
			sourceTree = "<group>";
		};
		E2DCC0351F931A1200952CA4 /* LaunchScreen.storyboard */ = {
			isa = PBXVariantGroup;
			children = (
				E2DCC0361F931A1200952CA4 /* Base */,
			);
			name = LaunchScreen.storyboard;
			sourceTree = "<group>";
		};
/* End PBXVariantGroup section */

/* Begin XCBuildConfiguration section */
		E2DCC0391F931A1200952CA4 /* Debug */ = {
			isa = XCBuildConfiguration;
			buildSettings = {
				ALWAYS_SEARCH_USER_PATHS = NO;
				CLANG_ANALYZER_NONNULL = YES;
				CLANG_ANALYZER_NUMBER_OBJECT_CONVERSION = YES_AGGRESSIVE;
				CLANG_CXX_LANGUAGE_STANDARD = "gnu++14";
				CLANG_CXX_LIBRARY = "libc++";
				CLANG_ENABLE_MODULES = YES;
				CLANG_ENABLE_OBJC_ARC = YES;
				CLANG_WARN_BLOCK_CAPTURE_AUTORELEASING = YES;
				CLANG_WARN_BOOL_CONVERSION = YES;
				CLANG_WARN_COMMA = YES;
				CLANG_WARN_CONSTANT_CONVERSION = YES;
				CLANG_WARN_DIRECT_OBJC_ISA_USAGE = YES_ERROR;
				CLANG_WARN_DOCUMENTATION_COMMENTS = YES;
				CLANG_WARN_EMPTY_BODY = YES;
				CLANG_WARN_ENUM_CONVERSION = YES;
				CLANG_WARN_INFINITE_RECURSION = YES;
				CLANG_WARN_INT_CONVERSION = YES;
				CLANG_WARN_NON_LITERAL_NULL_CONVERSION = YES;
				CLANG_WARN_OBJC_LITERAL_CONVERSION = YES;
				CLANG_WARN_OBJC_ROOT_CLASS = YES_ERROR;
				CLANG_WARN_RANGE_LOOP_ANALYSIS = YES;
				CLANG_WARN_STRICT_PROTOTYPES = YES;
				CLANG_WARN_SUSPICIOUS_MOVE = YES;
				CLANG_WARN_UNGUARDED_AVAILABILITY = YES_AGGRESSIVE;
				CLANG_WARN_UNREACHABLE_CODE = YES;
				CLANG_WARN__DUPLICATE_METHOD_MATCH = YES;
				CODE_SIGN_IDENTITY = "iPhone Developer";
				COPY_PHASE_STRIP = NO;
				DEBUG_INFORMATION_FORMAT = dwarf;
				ENABLE_STRICT_OBJC_MSGSEND = YES;
				ENABLE_TESTABILITY = YES;
				GCC_C_LANGUAGE_STANDARD = gnu11;
				GCC_DYNAMIC_NO_PIC = NO;
				GCC_NO_COMMON_BLOCKS = YES;
				GCC_OPTIMIZATION_LEVEL = 0;
				GCC_PREPROCESSOR_DEFINITIONS = (
					"DEBUG=1",
					"$(inherited)",
				);
				GCC_WARN_64_TO_32_BIT_CONVERSION = YES;
				GCC_WARN_ABOUT_RETURN_TYPE = YES_ERROR;
				GCC_WARN_UNDECLARED_SELECTOR = YES;
				GCC_WARN_UNINITIALIZED_AUTOS = YES_AGGRESSIVE;
				GCC_WARN_UNUSED_FUNCTION = YES;
				GCC_WARN_UNUSED_VARIABLE = YES;
				IPHONEOS_DEPLOYMENT_TARGET = 11.0;
				MTL_ENABLE_DEBUG_INFO = YES;
				ONLY_ACTIVE_ARCH = YES;
				SDKROOT = iphoneos;
				SWIFT_ACTIVE_COMPILATION_CONDITIONS = DEBUG;
				SWIFT_OPTIMIZATION_LEVEL = "-Onone";
			};
			name = Debug;
		};
		E2DCC03A1F931A1200952CA4 /* Release */ = {
			isa = XCBuildConfiguration;
			buildSettings = {
				ALWAYS_SEARCH_USER_PATHS = NO;
				CLANG_ANALYZER_NONNULL = YES;
				CLANG_ANALYZER_NUMBER_OBJECT_CONVERSION = YES_AGGRESSIVE;
				CLANG_CXX_LANGUAGE_STANDARD = "gnu++14";
				CLANG_CXX_LIBRARY = "libc++";
				CLANG_ENABLE_MODULES = YES;
				CLANG_ENABLE_OBJC_ARC = YES;
				CLANG_WARN_BLOCK_CAPTURE_AUTORELEASING = YES;
				CLANG_WARN_BOOL_CONVERSION = YES;
				CLANG_WARN_COMMA = YES;
				CLANG_WARN_CONSTANT_CONVERSION = YES;
				CLANG_WARN_DIRECT_OBJC_ISA_USAGE = YES_ERROR;
				CLANG_WARN_DOCUMENTATION_COMMENTS = YES;
				CLANG_WARN_EMPTY_BODY = YES;
				CLANG_WARN_ENUM_CONVERSION = YES;
				CLANG_WARN_INFINITE_RECURSION = YES;
				CLANG_WARN_INT_CONVERSION = YES;
				CLANG_WARN_NON_LITERAL_NULL_CONVERSION = YES;
				CLANG_WARN_OBJC_LITERAL_CONVERSION = YES;
				CLANG_WARN_OBJC_ROOT_CLASS = YES_ERROR;
				CLANG_WARN_RANGE_LOOP_ANALYSIS = YES;
				CLANG_WARN_STRICT_PROTOTYPES = YES;
				CLANG_WARN_SUSPICIOUS_MOVE = YES;
				CLANG_WARN_UNGUARDED_AVAILABILITY = YES_AGGRESSIVE;
				CLANG_WARN_UNREACHABLE_CODE = YES;
				CLANG_WARN__DUPLICATE_METHOD_MATCH = YES;
				CODE_SIGN_IDENTITY = "iPhone Developer";
				COPY_PHASE_STRIP = NO;
				DEBUG_INFORMATION_FORMAT = "dwarf-with-dsym";
				ENABLE_NS_ASSERTIONS = NO;
				ENABLE_STRICT_OBJC_MSGSEND = YES;
				GCC_C_LANGUAGE_STANDARD = gnu11;
				GCC_NO_COMMON_BLOCKS = YES;
				GCC_WARN_64_TO_32_BIT_CONVERSION = YES;
				GCC_WARN_ABOUT_RETURN_TYPE = YES_ERROR;
				GCC_WARN_UNDECLARED_SELECTOR = YES;
				GCC_WARN_UNINITIALIZED_AUTOS = YES_AGGRESSIVE;
				GCC_WARN_UNUSED_FUNCTION = YES;
				GCC_WARN_UNUSED_VARIABLE = YES;
				IPHONEOS_DEPLOYMENT_TARGET = 11.0;
				MTL_ENABLE_DEBUG_INFO = NO;
				SDKROOT = iphoneos;
				SWIFT_OPTIMIZATION_LEVEL = "-Owholemodule";
				VALIDATE_PRODUCT = YES;
			};
			name = Release;
		};
		E2DCC03C1F931A1200952CA4 /* Debug */ = {
			isa = XCBuildConfiguration;
			buildSettings = {
				ASSETCATALOG_COMPILER_APPICON_NAME = AppIcon;
				CODE_SIGN_STYLE = Automatic;
				DEVELOPMENT_TEAM = SV327258GQ;
				INFOPLIST_FILE = "Quit Smoking/Info.plist";
				IPHONEOS_DEPLOYMENT_TARGET = 10.3;
				LD_RUNPATH_SEARCH_PATHS = "$(inherited) @executable_path/Frameworks";
				PRODUCT_BUNDLE_IDENTIFIER = "com.winfielddixon.Quit-Smoking";
				PRODUCT_NAME = "$(TARGET_NAME)";
				SWIFT_VERSION = 4.0;
				TARGETED_DEVICE_FAMILY = "1,2";
			};
			name = Debug;
		};
		E2DCC03D1F931A1200952CA4 /* Release */ = {
			isa = XCBuildConfiguration;
			buildSettings = {
				ASSETCATALOG_COMPILER_APPICON_NAME = AppIcon;
				CODE_SIGN_STYLE = Automatic;
				DEVELOPMENT_TEAM = SV327258GQ;
				INFOPLIST_FILE = "Quit Smoking/Info.plist";
				IPHONEOS_DEPLOYMENT_TARGET = 10.3;
				LD_RUNPATH_SEARCH_PATHS = "$(inherited) @executable_path/Frameworks";
				PRODUCT_BUNDLE_IDENTIFIER = "com.winfielddixon.Quit-Smoking";
				PRODUCT_NAME = "$(TARGET_NAME)";
				SWIFT_VERSION = 4.0;
				TARGETED_DEVICE_FAMILY = "1,2";
			};
			name = Release;
		};
/* End XCBuildConfiguration section */

/* Begin XCConfigurationList section */
		E2DCC0241F931A1200952CA4 /* Build configuration list for PBXProject "Quit Smoking" */ = {
			isa = XCConfigurationList;
			buildConfigurations = (
				E2DCC0391F931A1200952CA4 /* Debug */,
				E2DCC03A1F931A1200952CA4 /* Release */,
			);
			defaultConfigurationIsVisible = 0;
			defaultConfigurationName = Release;
		};
		E2DCC03B1F931A1200952CA4 /* Build configuration list for PBXNativeTarget "Quit Smoking" */ = {
			isa = XCConfigurationList;
			buildConfigurations = (
				E2DCC03C1F931A1200952CA4 /* Debug */,
				E2DCC03D1F931A1200952CA4 /* Release */,
			);
			defaultConfigurationIsVisible = 0;
			defaultConfigurationName = Release;
		};
/* End XCConfigurationList section */
	};
	rootObject = E2DCC0211F931A1200952CA4 /* Project object */;
}
